
Microsoft Visual Studio Solution File, Format Version 12.00
# Visual Studio 15
VisualStudioVersion = 15.0.28307.136
MinimumVisualStudioVersion = 10.0.40219.1
Project("{8BC9CEB8-8B4A-11D0-8D11-00A0C91BC942}") = "libbcrypt", "libbcrypt.vcxproj", "{D6A9A3F3-1312-4494-85B8-7CE7DD4D78F4}"
EndProject
Project("{8BC9CEB8-8B4A-11D0-8D11-00A0C91BC942}") = "test", "..\test\test.vcxproj", "{C6B1CF6E-88DF-4109-9EF4-06CBA5BD5B68}"
EndProject
Global
	GlobalSection(SolutionConfigurationPlatforms) = preSolution
		Debug|x64 = Debug|x64
		Debug|x86 = Debug|x86
		Release|x64 = Release|x64
		Release|x86 = Release|x86
	EndGlobalSection
	GlobalSection(ProjectConfigurationPlatforms) = postSolution
		{D6A9A3F3-1312-4494-85B8-7CE7DD4D78F4}.Debug|x64.ActiveCfg = Debug|x64
		{D6A9A3F3-1312-4494-85B8-7CE7DD4D78F4}.Debug|x64.Build.0 = Debug|x64
		{D6A9A3F3-1312-4494-85B8-7CE7DD4D78F4}.Debug|x86.ActiveCfg = Debug|Win32
		{D6A9A3F3-1312-4494-85B8-7CE7DD4D78F4}.Debug|x86.Build.0 = Debug|Win32
		{D6A9A3F3-1312-4494-85B8-7CE7DD4D78F4}.Release|x64.ActiveCfg = Release|x64
		{D6A9A3F3-1312-4494-85B8-7CE7DD4D78F4}.Release|x64.Build.0 = Release|x64
		{D6A9A3F3-1312-4494-85B8-7CE7DD4D78F4}.Release|x86.ActiveCfg = Release|Win32
		{D6A9A3F3-1312-4494-85B8-7CE7DD4D78F4}.Release|x86.Build.0 = Release|Win32
		{C6B1CF6E-88DF-4109-9EF4-06CBA5BD5B68}.Debug|x64.ActiveCfg = Debug|x64
		{C6B1CF6E-88DF-4109-9EF4-06CBA5BD5B68}.Debug|x64.Build.0 = Debug|x64
		{C6B1CF6E-88DF-4109-9EF4-06CBA5BD5B68}.Debug|x86.ActiveCfg = Debug|Win32
		{C6B1CF6E-88DF-4109-9EF4-06CBA5BD5B68}.Debug|x86.Build.0 = Debug|Win32
		{C6B1CF6E-88DF-4109-9EF4-06CBA5BD5B68}.Release|x64.ActiveCfg = Release|x64
		{C6B1CF6E-88DF-4109-9EF4-06CBA5BD5B68}.Release|x64.Build.0 = Release|x64
		{C6B1CF6E-88DF-4109-9EF4-06CBA5BD5B68}.Release|x86.ActiveCfg = Release|Win32
		{C6B1CF6E-88DF-4109-9EF4-06CBA5BD5B68}.Release|x86.Build.0 = Release|Win32
	EndGlobalSection
	GlobalSection(SolutionProperties) = preSolution
		HideSolutionNode = FALSE
	EndGlobalSection
	GlobalSection(ExtensibilityGlobals) = postSolution
		SolutionGuid = {2DB786F9-9679-4A72-A4A0-2544E42B78CB}
	EndGlobalSection
EndGlobal
